// !$*UTF8*$!
{
	archiveVersion = 1;
	classes = {
	};
	objectVersion = 90;
	objects = {

/* Begin PBXBuildFile section */
		01A3824277A3B2F154EA5DEE /* Speakers in Frameworks */ = {isa = PBXBuildFile; productRef = 5A86B1DDB5852D7065D837CA /* Speakers */; };
		08D4DF1C0A2946B2BC3DFD98 /* Discover in Frameworks */ = {isa = PBXBuildFile; productRef = B65562B2FD2277E338A8FC16 /* Discover */; };
		123EB2638FBE042E2D1F7135 /* NavigationKitDebug in Frameworks */ = {isa = PBXBuildFile; productRef = C47E99621F2EB0AA93253AF3 /* NavigationKitDebug */; };
		23956268A7EA87818AB6B895 /* Account in Frameworks */ = {isa = PBXBuildFile; productRef = 4383580DC693FA291123A076 /* Account */; };
		384C99772FF3AD35002C5E94 /* View+appearance.swift in Sources */ = {isa = PBXBuildFile; fileRef = 384C99762FF3AD35002C5E94 /* View+appearance.swift */; };
		384C99792FF3AD9E002C5E94 /* View+debugger.swift in Sources */ = {isa = PBXBuildFile; fileRef = 384C99782FF3AD9E002C5E94 /* View+debugger.swift */; };
		38612EDF2FF1598700F7C03D /* AppContext.swift in Sources */ = {isa = PBXBuildFile; fileRef = 38612EDE2FF1598700F7C03D /* AppContext.swift */; };
		3867C3422FEDBBA8007583F8 /* ContentView.swift in Sources */ = {isa = PBXBuildFile; fileRef = 3867C32F2FEDBBA8007583F8 /* ContentView.swift */; };
		388945A02FEE54090076D9BA /* ShowCase.swift in Sources */ = {isa = PBXBuildFile; fileRef = 3889459F2FEE54080076D9BA /* ShowCase.swift */; };
		388945A52FEE5FCE0076D9BA /* WithContext.swift in Sources */ = {isa = PBXBuildFile; fileRef = 388945A42FEE5FCE0076D9BA /* WithContext.swift */; };
		3AFD85F1032C539CAA771415 /* Schedule in Frameworks */ = {isa = PBXBuildFile; productRef = 75A06DBA44900D3CA796D1D6 /* Schedule */; };
		513DF2DB0681E36D8BCFCEBB /* Assets.xcassets in Resources */ = {isa = PBXBuildFile; fileRef = 16BC4DB29349C588E6441FB4 /* Assets.xcassets */; };
		52D6440DED9AD6BEE3E6943A /* MyConf in Frameworks */ = {isa = PBXBuildFile; productRef = C39DBE7FBEC16E5D8DF5BE43 /* MyConf */; };
		BF00000000000000000000A1 /* AppTabItem.swift in Sources */ = {isa = PBXBuildFile; fileRef = BF00000000000000000000A2 /* AppTabItem.swift */; };
		BF00000000000000000000B1 /* AppSidebarRoute.swift in Sources */ = {isa = PBXBuildFile; fileRef = BF00000000000000000000B2 /* AppSidebarRoute.swift */; };
		BF00000000000000000000C1 /* AppSidebarScreen.swift in Sources */ = {isa = PBXBuildFile; fileRef = BF00000000000000000000C2 /* AppSidebarScreen.swift */; };
		C8A48A70E97C66E968E12DC3 /* NavigationKit in Frameworks */ = {isa = PBXBuildFile; productRef = 0A17C7519EC61D81C3D8B354 /* NavigationKit */; };
/* End PBXBuildFile section */

/* Begin PBXFileReference section */
		000000000000000000000120 /* ShowCase.app */ = {isa = PBXFileReference; explicitFileType = wrapper.application; includeInIndex = 0; path = ShowCase.app; sourceTree = BUILT_PRODUCTS_DIR; };
		16BC4DB29349C588E6441FB4 /* Assets.xcassets */ = {isa = PBXFileReference; includeInIndex = 1; lastKnownFileType = folder.assetcatalog; path = Assets.xcassets; sourceTree = "<group>"; };
		384C99762FF3AD35002C5E94 /* View+appearance.swift */ = {isa = PBXFileReference; lastKnownFileType = sourcecode.swift; path = "View+appearance.swift"; sourceTree = "<group>"; };
		384C99782FF3AD9E002C5E94 /* View+debugger.swift */ = {isa = PBXFileReference; lastKnownFileType = sourcecode.swift; path = "View+debugger.swift"; sourceTree = "<group>"; };
		385B6A582FF4391800098804 /* Account */ = {isa = PBXFileReference; lastKnownFileType = wrapper; path = Account; sourceTree = "<group>"; };
		385B6A592FF4391800098804 /* Discover */ = {isa = PBXFileReference; lastKnownFileType = wrapper; path = Discover; sourceTree = "<group>"; };
		385B6A5A2FF4391800098804 /* MyConf */ = {isa = PBXFileReference; lastKnownFileType = wrapper; path = MyConf; sourceTree = "<group>"; };
		385B6A5B2FF4391800098804 /* Schedule */ = {isa = PBXFileReference; lastKnownFileType = wrapper; path = Schedule; sourceTree = "<group>"; };
		385B6A5C2FF4391800098804 /* Speakers */ = {isa = PBXFileReference; lastKnownFileType = wrapper; path = Speakers; sourceTree = "<group>"; };
		38612EDE2FF1598700F7C03D /* AppContext.swift */ = {isa = PBXFileReference; lastKnownFileType = sourcecode.swift; path = AppContext.swift; sourceTree = "<group>"; };
		3867C32F2FEDBBA8007583F8 /* ContentView.swift */ = {isa = PBXFileReference; lastKnownFileType = sourcecode.swift; path = ContentView.swift; sourceTree = "<group>"; };
		3889459F2FEE54080076D9BA /* ShowCase.swift */ = {isa = PBXFileReference; lastKnownFileType = sourcecode.swift; path = ShowCase.swift; sourceTree = "<group>"; };
		388945A12FEE554E0076D9BA /* Info.plist */ = {isa = PBXFileReference; lastKnownFileType = text.plist.xml; path = Info.plist; sourceTree = "<group>"; };
		388945A42FEE5FCE0076D9BA /* WithContext.swift */ = {isa = PBXFileReference; lastKnownFileType = sourcecode.swift; path = WithContext.swift; sourceTree = "<group>"; };
		BF00000000000000000000A2 /* AppTabItem.swift */ = {isa = PBXFileReference; lastKnownFileType = sourcecode.swift; path = AppTabItem.swift; sourceTree = "<group>"; };
		BF00000000000000000000B2 /* AppSidebarRoute.swift */ = {isa = PBXFileReference; lastKnownFileType = sourcecode.swift; path = AppSidebarRoute.swift; sourceTree = "<group>"; };
		BF00000000000000000000C2 /* AppSidebarScreen.swift */ = {isa = PBXFileReference; lastKnownFileType = sourcecode.swift; path = AppSidebarScreen.swift; sourceTree = "<group>"; };
/* End PBXFileReference section */

/* Begin PBXFrameworksBuildPhase section */
		000000000000000130000000 /* Frameworks */ = {
			isa = PBXFrameworksBuildPhase;
			files = (
				C8A48A70E97C66E968E12DC3 /* NavigationKit in Frameworks */,
				123EB2638FBE042E2D1F7135 /* NavigationKitDebug in Frameworks */,
				23956268A7EA87818AB6B895 /* Account in Frameworks */,
				08D4DF1C0A2946B2BC3DFD98 /* Discover in Frameworks */,
				52D6440DED9AD6BEE3E6943A /* MyConf in Frameworks */,
				3AFD85F1032C539CAA771415 /* Schedule in Frameworks */,
				01A3824277A3B2F154EA5DEE /* Speakers in Frameworks */,
			);
		};
/* End PBXFrameworksBuildPhase section */

/* Begin PBXGroup section */
		000000000000000000000001 = {
			isa = PBXGroup;
			children = (
				385B6A5E2FF4391800098804 /* Packages */,
				3889459F2FEE54080076D9BA /* ShowCase.swift */,
				3867C32F2FEDBBA8007583F8 /* ContentView.swift */,
				388945A42FEE5FCE0076D9BA /* WithContext.swift */,
				38612EDE2FF1598700F7C03D /* AppContext.swift */,
				BF00000000000000000000A2 /* AppTabItem.swift */,
				BF00000000000000000000B2 /* AppSidebarRoute.swift */,
				BF00000000000000000000C2 /* AppSidebarScreen.swift */,
				384C99762FF3AD35002C5E94 /* View+appearance.swift */,
				384C99782FF3AD9E002C5E94 /* View+debugger.swift */,
				388945A32FEE57B10076D9BA /* Resources */,
				38E045D12FEE4EE600A138DD /* Frameworks */,
				000000000000000000000020 /* Products */,
			);
			sourceTree = "<group>";
		};
		000000000000000000000020 /* Products */ = {
			isa = PBXGroup;
			children = (
				000000000000000000000120 /* ShowCase.app */,
			);
			name = Products;
			sourceTree = "<group>";
		};
		385B6A5D2FF4391800098804 /* Features */ = {
			isa = PBXGroup;
			children = (
				385B6A582FF4391800098804 /* Account */,
				385B6A592FF4391800098804 /* Discover */,
				385B6A5A2FF4391800098804 /* MyConf */,
				385B6A5B2FF4391800098804 /* Schedule */,
				385B6A5C2FF4391800098804 /* Speakers */,
			);
			path = Features;
			sourceTree = "<group>";
		};
		385B6A5E2FF4391800098804 /* Packages */ = {
			isa = PBXGroup;
			children = (
				385B6A5D2FF4391800098804 /* Features */,
			);
			path = Packages;
			sourceTree = "<group>";
		};
		388945A32FEE57B10076D9BA /* Resources */ = {
			isa = PBXGroup;
			children = (
				388945A12FEE554E0076D9BA /* Info.plist */,
				16BC4DB29349C588E6441FB4 /* Assets.xcassets */,
			);
			path = Resources;
			sourceTree = "<group>";
		};
		38E045D12FEE4EE600A138DD /* Frameworks */ = {
			isa = PBXGroup;
			children = (
			);
			name = Frameworks;
			sourceTree = "<group>";
		};
/* End PBXGroup section */

/* Begin PBXNativeTarget section */
		000000000000000100000000 /* ShowCase */ = {
			isa = PBXNativeTarget;
			buildConfigurationList = 000000000000000110000000 /* Build configuration list for PBXNativeTarget "ShowCase" */;
			buildPhases = (
				000000000000000120000000 /* Sources */,
				000000000000000130000000 /* Frameworks */,
				000000000000000140000000 /* Resources */,
			);
			buildRules = (
			);
			name = ShowCase;
			packageProductDependencies = (
				0A17C7519EC61D81C3D8B354 /* NavigationKit */,
				C47E99621F2EB0AA93253AF3 /* NavigationKitDebug */,
				4383580DC693FA291123A076 /* Account */,
				B65562B2FD2277E338A8FC16 /* Discover */,
				C39DBE7FBEC16E5D8DF5BE43 /* MyConf */,
				75A06DBA44900D3CA796D1D6 /* Schedule */,
				5A86B1DDB5852D7065D837CA /* Speakers */,
			);
			productName = MyApp;
			productReference = 000000000000000000000120 /* ShowCase.app */;
			productType = "com.apple.product-type.application";
		};
/* End PBXNativeTarget section */

/* Begin PBXProject section */
		000000000000000000000000 /* Project object */ = {
			isa = PBXProject;
			attributes = {
				BuildIndependentTargetsInParallel = 1;
				LastSwiftUpdateCheck = 2630;
				LastUpgradeCheck = 2700;
				TargetAttributes = {
					000000000000000100000000 = {
						CreatedOnToolsVersion = 26.3;
					};
				};
			};
			buildConfigurationList = 000000000000000010000000 /* Build configuration list for PBXProject "ShowCaseApp" */;
			developmentRegion = en;
			hasScannedForEncodings = 0;
			knownRegions = (
				en,
				Base,
			);
			mainGroup = 000000000000000000000001;
			minimizedProjectReferenceProxies = 1;
			packageReferences = (
				06741E1FD4513943F61ACF91 /* XCLocalSwiftPackageReference "../../" */,
				492B01DEAF35716833EF9581 /* XCLocalSwiftPackageReference "Packages/Features/Account" */,
				E83ED1F05E7FA8BF1AFB2082 /* XCLocalSwiftPackageReference "Packages/Features/Discover" */,
				031C1CFB829796F567613531 /* XCLocalSwiftPackageReference "Packages/Features/MyConf" */,
				2C9C31FD172944885AA4AAA7 /* XCLocalSwiftPackageReference "Packages/Features/Schedule" */,
				2FAB72BA6F8FD873CB0C691A /* XCLocalSwiftPackageReference "Packages/Features/Speakers" */,
			);
			preferredProjectObjectVersion = 90;
			productRefGroup = 000000000000000000000020 /* Products */;
			projectDirPath = "";
			projectRoot = "";
			targets = (
				000000000000000100000000 /* ShowCase */,
			);
		};
/* End PBXProject section */

/* Begin PBXResourcesBuildPhase section */
		000000000000000140000000 /* Resources */ = {
			isa = PBXResourcesBuildPhase;
			files = (
				513DF2DB0681E36D8BCFCEBB /* Assets.xcassets in Resources */,
			);
		};
/* End PBXResourcesBuildPhase section */

/* Begin PBXSourcesBuildPhase section */
		000000000000000120000000 /* Sources */ = {
			isa = PBXSourcesBuildPhase;
			files = (
				388945A02FEE54090076D9BA /* ShowCase.swift in Sources */,
				38612EDF2FF1598700F7C03D /* AppContext.swift in Sources */,
				BF00000000000000000000A1 /* AppTabItem.swift in Sources */,
				BF00000000000000000000B1 /* AppSidebarRoute.swift in Sources */,
				BF00000000000000000000C1 /* AppSidebarScreen.swift in Sources */,
				388945A52FEE5FCE0076D9BA /* WithContext.swift in Sources */,
				384C99792FF3AD9E002C5E94 /* View+debugger.swift in Sources */,
				384C99772FF3AD35002C5E94 /* View+appearance.swift in Sources */,
				3867C3422FEDBBA8007583F8 /* ContentView.swift in Sources */,
			);
		};
/* End PBXSourcesBuildPhase section */

/* Begin XCBuildConfiguration section */
		000000000000000011000000 /* Debug configuration for PBXProject "ShowCaseApp" */ = {
			isa = XCBuildConfiguration;
			buildSettings = {
				ALWAYS_SEARCH_USER_PATHS = NO;
				APPLETVOS_DEPLOYMENT_TARGET = 27.0;
				ASSETCATALOG_COMPILER_GENERATE_SWIFT_ASSET_SYMBOL_EXTENSIONS = YES;
				CLANG_ANALYZER_NONNULL = YES;
				CLANG_ANALYZER_NUMBER_OBJECT_CONVERSION = YES_AGGRESSIVE;
				CLANG_CXX_LANGUAGE_STANDARD = "gnu++20";
				CLANG_ENABLE_MODULES = YES;
				CLANG_ENABLE_OBJC_ARC = YES;
				CLANG_ENABLE_OBJC_WEAK = YES;
				CLANG_WARN_BLOCK_CAPTURE_AUTORELEASING = YES;
				CLANG_WARN_BOOL_CONVERSION = YES;
				CLANG_WARN_COMMA = YES;
				CLANG_WARN_CONSTANT_CONVERSION = YES;
				CLANG_WARN_DEPRECATED_OBJC_IMPLEMENTATIONS = YES;
				CLANG_WARN_DIRECT_OBJC_ISA_USAGE = YES_ERROR;
				CLANG_WARN_DOCUMENTATION_COMMENTS = YES;
				CLANG_WARN_EMPTY_BODY = YES;
				CLANG_WARN_ENUM_CONVERSION = YES;
				CLANG_WARN_INFINITE_RECURSION = YES;
				CLANG_WARN_INT_CONVERSION = YES;
				CLANG_WARN_NON_LITERAL_NULL_CONVERSION = YES;
				CLANG_WARN_OBJC_IMPLICIT_RETAIN_SELF = YES;
				CLANG_WARN_OBJC_LITERAL_CONVERSION = YES;
				CLANG_WARN_OBJC_ROOT_CLASS = YES_ERROR;
				CLANG_WARN_QUOTED_INCLUDE_IN_FRAMEWORK_HEADER = YES;
				CLANG_WARN_RANGE_LOOP_ANALYSIS = YES;
				CLANG_WARN_STRICT_PROTOTYPES = YES;
				CLANG_WARN_SUSPICIOUS_MOVE = YES;
				CLANG_WARN_UNGUARDED_AVAILABILITY = YES_AGGRESSIVE;
				CLANG_WARN_UNREACHABLE_CODE = YES;
				CLANG_WARN__DUPLICATE_METHOD_MATCH = YES;
				COPY_PHASE_STRIP = NO;
				DEAD_CODE_STRIPPING = YES;
				DEBUG_INFORMATION_FORMAT = dwarf;
				DRIVERKIT_DEPLOYMENT_TARGET = 27.0;
				ENABLE_STRICT_OBJC_MSGSEND = YES;
				ENABLE_TESTABILITY = YES;
				ENABLE_USER_SCRIPT_SANDBOXING = YES;
				GCC_C_LANGUAGE_STANDARD = gnu17;
				GCC_DYNAMIC_NO_PIC = NO;
				GCC_NO_COMMON_BLOCKS = YES;
				GCC_OPTIMIZATION_LEVEL = 0;
				GCC_PREPROCESSOR_DEFINITIONS = (
					"DEBUG=1",
					"$(inherited)",
				);
				GCC_WARN_64_TO_32_BIT_CONVERSION = YES;
				GCC_WARN_ABOUT_RETURN_TYPE = YES_ERROR;
				GCC_WARN_UNDECLARED_SELECTOR = YES;
				GCC_WARN_UNINITIALIZED_AUTOS = YES_AGGRESSIVE;
				GCC_WARN_UNUSED_FUNCTION = YES;
				GCC_WARN_UNUSED_VARIABLE = YES;
				IPHONEOS_DEPLOYMENT_TARGET = 26.6;
				LOCALIZATION_PREFERS_STRING_CATALOGS = YES;
				MACOSX_DEPLOYMENT_TARGET = 26.6;
				MTL_ENABLE_DEBUG_INFO = INCLUDE_SOURCE;
				MTL_FAST_MATH = YES;
				ONLY_ACTIVE_ARCH = YES;
				PROJECT_UNIQUE_VALUE = SLE1EGNG;
				STRING_CATALOG_GENERATE_SYMBOLS = YES;
				SWIFT_ACTIVE_COMPILATION_CONDITIONS = "DEBUG $(inherited)";
				SWIFT_OPTIMIZATION_LEVEL = "-Onone";
				WATCHOS_DEPLOYMENT_TARGET = 26.6;
				XROS_DEPLOYMENT_TARGET = 26.6;
			};
			name = Debug;
		};
		000000000000000012000000 /* Release configuration for PBXProject "ShowCaseApp" */ = {
			isa = XCBuildConfiguration;
			buildSettings = {
				ALWAYS_SEARCH_USER_PATHS = NO;
				APPLETVOS_DEPLOYMENT_TARGET = 27.0;
				ASSETCATALOG_COMPILER_GENERATE_SWIFT_ASSET_SYMBOL_EXTENSIONS = YES;
				CLANG_ANALYZER_NONNULL = YES;
				CLANG_ANALYZER_NUMBER_OBJECT_CONVERSION = YES_AGGRESSIVE;
				CLANG_CXX_LANGUAGE_STANDARD = "gnu++20";
				CLANG_ENABLE_MODULES = YES;
				CLANG_ENABLE_OBJC_ARC = YES;
				CLANG_ENABLE_OBJC_WEAK = YES;
				CLANG_WARN_BLOCK_CAPTURE_AUTORELEASING = YES;
				CLANG_WARN_BOOL_CONVERSION = YES;
				CLANG_WARN_COMMA = YES;
				CLANG_WARN_CONSTANT_CONVERSION = YES;
				CLANG_WARN_DEPRECATED_OBJC_IMPLEMENTATIONS = YES;
				CLANG_WARN_DIRECT_OBJC_ISA_USAGE = YES_ERROR;
				CLANG_WARN_DOCUMENTATION_COMMENTS = YES;
				CLANG_WARN_EMPTY_BODY = YES;
				CLANG_WARN_ENUM_CONVERSION = YES;
				CLANG_WARN_INFINITE_RECURSION = YES;
				CLANG_WARN_INT_CONVERSION = YES;
				CLANG_WARN_NON_LITERAL_NULL_CONVERSION = YES;
				CLANG_WARN_OBJC_IMPLICIT_RETAIN_SELF = YES;
				CLANG_WARN_OBJC_LITERAL_CONVERSION = YES;
				CLANG_WARN_OBJC_ROOT_CLASS = YES_ERROR;
				CLANG_WARN_QUOTED_INCLUDE_IN_FRAMEWORK_HEADER = YES;
				CLANG_WARN_RANGE_LOOP_ANALYSIS = YES;
				CLANG_WARN_STRICT_PROTOTYPES = YES;
				CLANG_WARN_SUSPICIOUS_MOVE = YES;
				CLANG_WARN_UNGUARDED_AVAILABILITY = YES_AGGRESSIVE;
				CLANG_WARN_UNREACHABLE_CODE = YES;
				CLANG_WARN__DUPLICATE_METHOD_MATCH = YES;
				COPY_PHASE_STRIP = NO;
				DEAD_CODE_STRIPPING = YES;
				DEBUG_INFORMATION_FORMAT = "dwarf-with-dsym";
				DRIVERKIT_DEPLOYMENT_TARGET = 27.0;
				ENABLE_NS_ASSERTIONS = NO;
				ENABLE_STRICT_OBJC_MSGSEND = YES;
				ENABLE_USER_SCRIPT_SANDBOXING = YES;
				GCC_C_LANGUAGE_STANDARD = gnu17;
				GCC_NO_COMMON_BLOCKS = YES;
				GCC_WARN_64_TO_32_BIT_CONVERSION = YES;
				GCC_WARN_ABOUT_RETURN_TYPE = YES_ERROR;
				GCC_WARN_UNDECLARED_SELECTOR = YES;
				GCC_WARN_UNINITIALIZED_AUTOS = YES_AGGRESSIVE;
				GCC_WARN_UNUSED_FUNCTION = YES;
				GCC_WARN_UNUSED_VARIABLE = YES;
				IPHONEOS_DEPLOYMENT_TARGET = 26.6;
				LOCALIZATION_PREFERS_STRING_CATALOGS = YES;
				MACOSX_DEPLOYMENT_TARGET = 26.6;
				MTL_ENABLE_DEBUG_INFO = NO;
				MTL_FAST_MATH = YES;
				PROJECT_UNIQUE_VALUE = SLE1EGNG;
				STRING_CATALOG_GENERATE_SYMBOLS = YES;
				SWIFT_COMPILATION_MODE = wholemodule;
				WATCHOS_DEPLOYMENT_TARGET = 26.6;
				XROS_DEPLOYMENT_TARGET = 26.6;
			};
			name = Release;
		};
		000000000000000111000000 /* Debug configuration for PBXNativeTarget "ShowCase" */ = {
			isa = XCBuildConfiguration;
			buildSettings = {
				ASSETCATALOG_COMPILER_APPICON_NAME = AppIcon;
				CODE_SIGN_STYLE = Automatic;
				CURRENT_PROJECT_VERSION = 1;
				ENABLE_APP_SANDBOX = YES;
				ENABLE_PREVIEWS = YES;
				ENABLE_USER_SELECTED_FILES = readonly;
				GENERATE_INFOPLIST_FILE = YES;
				INFOPLIST_FILE = Resources/Info.plist;
				"INFOPLIST_KEY_UIApplicationSceneManifest_Generation[sdk=iphoneos*]" = YES;
				"INFOPLIST_KEY_UIApplicationSceneManifest_Generation[sdk=iphonesimulator*]" = YES;
				"INFOPLIST_KEY_UIApplicationSupportsIndirectInputEvents[sdk=iphoneos*]" = YES;
				"INFOPLIST_KEY_UIApplicationSupportsIndirectInputEvents[sdk=iphonesimulator*]" = YES;
				"INFOPLIST_KEY_UILaunchScreen_Generation[sdk=iphoneos*]" = YES;
				"INFOPLIST_KEY_UILaunchScreen_Generation[sdk=iphonesimulator*]" = YES;
				"INFOPLIST_KEY_UIStatusBarStyle[sdk=iphoneos*]" = UIStatusBarStyleDefault;
				"INFOPLIST_KEY_UIStatusBarStyle[sdk=iphonesimulator*]" = UIStatusBarStyleDefault;
				INFOPLIST_KEY_UISupportedInterfaceOrientations_iPad = "UIInterfaceOrientationPortrait UIInterfaceOrientationPortraitUpsideDown UIInterfaceOrientationLandscapeLeft UIInterfaceOrientationLandscapeRight";
				INFOPLIST_KEY_UISupportedInterfaceOrientations_iPhone = "UIInterfaceOrientationPortrait UIInterfaceOrientationLandscapeLeft UIInterfaceOrientationLandscapeRight";
				IPHONEOS_DEPLOYMENT_TARGET = 26.6;
				LD_RUNPATH_SEARCH_PATHS = "@executable_path/Frameworks";
				"LD_RUNPATH_SEARCH_PATHS[sdk=macosx*]" = "@executable_path/../Frameworks";
				MARKETING_VERSION = 1.0;
				PRODUCT_BUNDLE_IDENTIFIER = de.linkandreas.navigationkitshowcase;
				PRODUCT_NAME = "$(TARGET_NAME)";
				REGISTER_APP_GROUPS = YES;
				SDKROOT = auto;
				STRING_CATALOG_GENERATE_SYMBOLS = YES;
				SUPPORTED_PLATFORMS = "iphoneos iphonesimulator";
				SUPPORTS_MACCATALYST = NO;
				SWIFT_APPROACHABLE_CONCURRENCY = YES;
				SWIFT_DEFAULT_ACTOR_ISOLATION = MainActor;
				SWIFT_EMIT_LOC_STRINGS = YES;
				SWIFT_UPCOMING_FEATURE_MEMBER_IMPORT_VISIBILITY = YES;
				SWIFT_VERSION = 6.0;
				TARGETED_DEVICE_FAMILY = "1,2";
			};
			name = Debug;
		};
		000000000000000112000000 /* Release configuration for PBXNativeTarget "ShowCase" */ = {
			isa = XCBuildConfiguration;
			buildSettings = {
				ASSETCATALOG_COMPILER_APPICON_NAME = AppIcon;
				CODE_SIGN_STYLE = Automatic;
				CURRENT_PROJECT_VERSION = 1;
				ENABLE_APP_SANDBOX = YES;
				ENABLE_PREVIEWS = YES;
				ENABLE_USER_SELECTED_FILES = readonly;
				GENERATE_INFOPLIST_FILE = YES;
				INFOPLIST_FILE = Resources/Info.plist;
				"INFOPLIST_KEY_UIApplicationSceneManifest_Generation[sdk=iphoneos*]" = YES;
				"INFOPLIST_KEY_UIApplicationSceneManifest_Generation[sdk=iphonesimulator*]" = YES;
				"INFOPLIST_KEY_UIApplicationSupportsIndirectInputEvents[sdk=iphoneos*]" = YES;
				"INFOPLIST_KEY_UIApplicationSupportsIndirectInputEvents[sdk=iphonesimulator*]" = YES;
				"INFOPLIST_KEY_UILaunchScreen_Generation[sdk=iphoneos*]" = YES;
				"INFOPLIST_KEY_UILaunchScreen_Generation[sdk=iphonesimulator*]" = YES;
				"INFOPLIST_KEY_UIStatusBarStyle[sdk=iphoneos*]" = UIStatusBarStyleDefault;
				"INFOPLIST_KEY_UIStatusBarStyle[sdk=iphonesimulator*]" = UIStatusBarStyleDefault;
				INFOPLIST_KEY_UISupportedInterfaceOrientations_iPad = "UIInterfaceOrientationPortrait UIInterfaceOrientationPortraitUpsideDown UIInterfaceOrientationLandscapeLeft UIInterfaceOrientationLandscapeRight";
				INFOPLIST_KEY_UISupportedInterfaceOrientations_iPhone = "UIInterfaceOrientationPortrait UIInterfaceOrientationLandscapeLeft UIInterfaceOrientationLandscapeRight";
				IPHONEOS_DEPLOYMENT_TARGET = 26.6;
				LD_RUNPATH_SEARCH_PATHS = "@executable_path/Frameworks";
				"LD_RUNPATH_SEARCH_PATHS[sdk=macosx*]" = "@executable_path/../Frameworks";
				MARKETING_VERSION = 1.0;
				PRODUCT_BUNDLE_IDENTIFIER = de.linkandreas.navigationkitshowcase;
				PRODUCT_NAME = "$(TARGET_NAME)";
				REGISTER_APP_GROUPS = YES;
				SDKROOT = auto;
				STRING_CATALOG_GENERATE_SYMBOLS = YES;
				SUPPORTED_PLATFORMS = "iphoneos iphonesimulator";
				SUPPORTS_MACCATALYST = NO;
				SWIFT_APPROACHABLE_CONCURRENCY = YES;
				SWIFT_DEFAULT_ACTOR_ISOLATION = MainActor;
				SWIFT_EMIT_LOC_STRINGS = YES;
				SWIFT_UPCOMING_FEATURE_MEMBER_IMPORT_VISIBILITY = YES;
				SWIFT_VERSION = 6.0;
				TARGETED_DEVICE_FAMILY = "1,2";
			};
			name = Release;
		};
/* End XCBuildConfiguration section */

/* Begin XCConfigurationList section */
		000000000000000010000000 /* Build configuration list for PBXProject "ShowCaseApp" */ = {
			isa = XCConfigurationList;
			buildConfigurations = (
				000000000000000011000000 /* Debug configuration for PBXProject "ShowCaseApp" */,
				000000000000000012000000 /* Release configuration for PBXProject "ShowCaseApp" */,
			);
			defaultConfigurationName = Release;
		};
		000000000000000110000000 /* Build configuration list for PBXNativeTarget "ShowCase" */ = {
			isa = XCConfigurationList;
			buildConfigurations = (
				000000000000000111000000 /* Debug configuration for PBXNativeTarget "ShowCase" */,
				000000000000000112000000 /* Release configuration for PBXNativeTarget "ShowCase" */,
			);
			defaultConfigurationName = Release;
		};
/* End XCConfigurationList section */

/* Begin XCLocalSwiftPackageReference section */
		031C1CFB829796F567613531 /* XCLocalSwiftPackageReference "Packages/Features/MyConf" */ = {
			isa = XCLocalSwiftPackageReference;
			relativePath = Packages/Features/MyConf;
		};
		06741E1FD4513943F61ACF91 /* XCLocalSwiftPackageReference "../../" */ = {
			isa = XCLocalSwiftPackageReference;
			relativePath = ../../;
		};
		2C9C31FD172944885AA4AAA7 /* XCLocalSwiftPackageReference "Packages/Features/Schedule" */ = {
			isa = XCLocalSwiftPackageReference;
			relativePath = Packages/Features/Schedule;
		};
		2FAB72BA6F8FD873CB0C691A /* XCLocalSwiftPackageReference "Packages/Features/Speakers" */ = {
			isa = XCLocalSwiftPackageReference;
			relativePath = Packages/Features/Speakers;
		};
		492B01DEAF35716833EF9581 /* XCLocalSwiftPackageReference "Packages/Features/Account" */ = {
			isa = XCLocalSwiftPackageReference;
			relativePath = Packages/Features/Account;
		};
		E83ED1F05E7FA8BF1AFB2082 /* XCLocalSwiftPackageReference "Packages/Features/Discover" */ = {
			isa = XCLocalSwiftPackageReference;
			relativePath = Packages/Features/Discover;
		};
/* End XCLocalSwiftPackageReference section */

/* Begin XCSwiftPackageProductDependency section */
		0A17C7519EC61D81C3D8B354 /* NavigationKit */ = {
			isa = XCSwiftPackageProductDependency;
			package = 06741E1FD4513943F61ACF91 /* XCLocalSwiftPackageReference "../../" */;
			productName = NavigationKit;
		};
		4383580DC693FA291123A076 /* Account */ = {
			isa = XCSwiftPackageProductDependency;
			package = 492B01DEAF35716833EF9581 /* XCLocalSwiftPackageReference "Packages/Features/Account" */;
			productName = Account;
		};
		5A86B1DDB5852D7065D837CA /* Speakers */ = {
			isa = XCSwiftPackageProductDependency;
			package = 2FAB72BA6F8FD873CB0C691A /* XCLocalSwiftPackageReference "Packages/Features/Speakers" */;
			productName = Speakers;
		};
		75A06DBA44900D3CA796D1D6 /* Schedule */ = {
			isa = XCSwiftPackageProductDependency;
			package = 2C9C31FD172944885AA4AAA7 /* XCLocalSwiftPackageReference "Packages/Features/Schedule" */;
			productName = Schedule;
		};
		B65562B2FD2277E338A8FC16 /* Discover */ = {
			isa = XCSwiftPackageProductDependency;
			package = E83ED1F05E7FA8BF1AFB2082 /* XCLocalSwiftPackageReference "Packages/Features/Discover" */;
			productName = Discover;
		};
		C39DBE7FBEC16E5D8DF5BE43 /* MyConf */ = {
			isa = XCSwiftPackageProductDependency;
			package = 031C1CFB829796F567613531 /* XCLocalSwiftPackageReference "Packages/Features/MyConf" */;
			productName = MyConf;
		};
		C47E99621F2EB0AA93253AF3 /* NavigationKitDebug */ = {
			isa = XCSwiftPackageProductDependency;
			package = 06741E1FD4513943F61ACF91 /* XCLocalSwiftPackageReference "../../" */;
			productName = NavigationKitDebug;
		};
/* End XCSwiftPackageProductDependency section */
	};
	rootObject = 000000000000000000000000 /* Project object */;
}
